
Microsoft Visual Studio Solution File, Format Version 12.00
# Visual Studio 15
VisualStudioVersion = 15.0.26430.16
MinimumVisualStudioVersion = 10.0.40219.1
Project("{8BC9CEB8-8B4A-11D0-8D11-00A0C91BC942}") = "VEngineNative", "VEngineNative\VEngineNative.vcxproj", "{71125D6E-F4CA-4291-911D-5FEC57635065}"
EndProject
Project("{8BC9CEB8-8B4A-11D0-8D11-00A0C91BC942}") = "Tester", "Tester\Tester.vcxproj", "{9AF0A8C8-7184-4445-A2AD-88BA65926D10}"
	ProjectSection(ProjectDependencies) = postProject
		{AAA73204-2C8B-41B1-BCCE-5DC8868BBE88} = {AAA73204-2C8B-41B1-BCCE-5DC8868BBE88}
		{EB4FF021-B17B-4CD1-8B6F-A8D4A1603B1A} = {EB4FF021-B17B-4CD1-8B6F-A8D4A1603B1A}
		{74374834-F082-4782-B1D3-736F83257CA3} = {74374834-F082-4782-B1D3-736F83257CA3}
		{6F15DFAB-0467-4490-8EFB-35EE2EB88CB6} = {6F15DFAB-0467-4490-8EFB-35EE2EB88CB6}
		{7F5A4EED-2558-409F-9611-A593D1B450EC} = {7F5A4EED-2558-409F-9611-A593D1B450EC}
		{588A34FB-5137-4A09-B272-439764A4C5A8} = {588A34FB-5137-4A09-B272-439764A4C5A8}
	EndProjectSection
EndProject
Project("{8BC9CEB8-8B4A-11D0-8D11-00A0C91BC942}") = "VEPhysics", "VEPhysics\VEPhysics.vcxproj", "{AAA73204-2C8B-41B1-BCCE-5DC8868BBE88}"
EndProject
Project("{8BC9CEB8-8B4A-11D0-8D11-00A0C91BC942}") = "VECommon", "VECommon\VECommon.vcxproj", "{7F5A4EED-2558-409F-9611-A593D1B450EC}"
EndProject
Project("{8BC9CEB8-8B4A-11D0-8D11-00A0C91BC942}") = "VESound", "VESound\VESound.vcxproj", "{6F15DFAB-0467-4490-8EFB-35EE2EB88CB6}"
EndProject
Project("{8BC9CEB8-8B4A-11D0-8D11-00A0C91BC942}") = "VEInput", "VEInput\VEInput.vcxproj", "{74374834-F082-4782-B1D3-736F83257CA3}"
EndProject
Project("{8BC9CEB8-8B4A-11D0-8D11-00A0C91BC942}") = "VERenderer", "VERenderer\VERenderer.vcxproj", "{588A34FB-5137-4A09-B272-439764A4C5A8}"
EndProject
Project("{8BC9CEB8-8B4A-11D0-8D11-00A0C91BC942}") = "Example_SimpleFullScreenPass", "Example_SimpleFullScreenPass\Example_SimpleFullScreenPass.vcxproj", "{2D6DE645-7444-4DA9-A782-6C22C7579B6D}"
	ProjectSection(ProjectDependencies) = postProject
		{588A34FB-5137-4A09-B272-439764A4C5A8} = {588A34FB-5137-4A09-B272-439764A4C5A8}
	EndProjectSection
EndProject
Project("{8BC9CEB8-8B4A-11D0-8D11-00A0C91BC942}") = "VEUserInterface", "VEUserInterface\VEUserInterface.vcxproj", "{EB4FF021-B17B-4CD1-8B6F-A8D4A1603B1A}"
	ProjectSection(ProjectDependencies) = postProject
		{588A34FB-5137-4A09-B272-439764A4C5A8} = {588A34FB-5137-4A09-B272-439764A4C5A8}
	EndProjectSection
EndProject
Project("{8BC9CEB8-8B4A-11D0-8D11-00A0C91BC942}") = "Example_Compute", "Example_Compute\Example_Compute.vcxproj", "{4ECCDD62-C148-4BE9-98A9-61965A99D0E8}"
EndProject
Global
	GlobalSection(SolutionConfigurationPlatforms) = preSolution
		Debug|x64 = Debug|x64
		Debug|x86 = Debug|x86
		debugmaybe|x64 = debugmaybe|x64
		debugmaybe|x86 = debugmaybe|x86
		NotOptimization|x64 = NotOptimization|x64
		NotOptimization|x86 = NotOptimization|x86
		Release|x64 = Release|x64
		Release|x86 = Release|x86
	EndGlobalSection
	GlobalSection(ProjectConfigurationPlatforms) = postSolution
		{71125D6E-F4CA-4291-911D-5FEC57635065}.Debug|x64.ActiveCfg = Debug|x64
		{71125D6E-F4CA-4291-911D-5FEC57635065}.Debug|x64.Build.0 = Debug|x64
		{71125D6E-F4CA-4291-911D-5FEC57635065}.Debug|x64.Deploy.0 = Debug|x64
		{71125D6E-F4CA-4291-911D-5FEC57635065}.Debug|x86.ActiveCfg = Debug|Win32
		{71125D6E-F4CA-4291-911D-5FEC57635065}.Debug|x86.Build.0 = Debug|Win32
		{71125D6E-F4CA-4291-911D-5FEC57635065}.Debug|x86.Deploy.0 = Debug|Win32
		{71125D6E-F4CA-4291-911D-5FEC57635065}.debugmaybe|x64.ActiveCfg = debugmaybe|x64
		{71125D6E-F4CA-4291-911D-5FEC57635065}.debugmaybe|x64.Build.0 = debugmaybe|x64
		{71125D6E-F4CA-4291-911D-5FEC57635065}.debugmaybe|x86.ActiveCfg = debugmaybe|Win32
		{71125D6E-F4CA-4291-911D-5FEC57635065}.debugmaybe|x86.Build.0 = debugmaybe|Win32
		{71125D6E-F4CA-4291-911D-5FEC57635065}.NotOptimization|x64.ActiveCfg = NotOptimization|x64
		{71125D6E-F4CA-4291-911D-5FEC57635065}.NotOptimization|x64.Build.0 = NotOptimization|x64
		{71125D6E-F4CA-4291-911D-5FEC57635065}.NotOptimization|x86.ActiveCfg = NotOptimization|Win32
		{71125D6E-F4CA-4291-911D-5FEC57635065}.NotOptimization|x86.Build.0 = NotOptimization|Win32
		{71125D6E-F4CA-4291-911D-5FEC57635065}.Release|x64.ActiveCfg = Release|x64
		{71125D6E-F4CA-4291-911D-5FEC57635065}.Release|x64.Build.0 = Release|x64
		{71125D6E-F4CA-4291-911D-5FEC57635065}.Release|x86.ActiveCfg = Release|Win32
		{71125D6E-F4CA-4291-911D-5FEC57635065}.Release|x86.Build.0 = Release|Win32
		{9AF0A8C8-7184-4445-A2AD-88BA65926D10}.Debug|x64.ActiveCfg = Debug|x64
		{9AF0A8C8-7184-4445-A2AD-88BA65926D10}.Debug|x64.Build.0 = Debug|x64
		{9AF0A8C8-7184-4445-A2AD-88BA65926D10}.Debug|x86.ActiveCfg = Debug|Win32
		{9AF0A8C8-7184-4445-A2AD-88BA65926D10}.Debug|x86.Build.0 = Debug|Win32
		{9AF0A8C8-7184-4445-A2AD-88BA65926D10}.debugmaybe|x64.ActiveCfg = debugmaybe|x64
		{9AF0A8C8-7184-4445-A2AD-88BA65926D10}.debugmaybe|x64.Build.0 = debugmaybe|x64
		{9AF0A8C8-7184-4445-A2AD-88BA65926D10}.debugmaybe|x86.ActiveCfg = debugmaybe|Win32
		{9AF0A8C8-7184-4445-A2AD-88BA65926D10}.debugmaybe|x86.Build.0 = debugmaybe|Win32
		{9AF0A8C8-7184-4445-A2AD-88BA65926D10}.NotOptimization|x64.ActiveCfg = NotOptimization|x64
		{9AF0A8C8-7184-4445-A2AD-88BA65926D10}.NotOptimization|x64.Build.0 = NotOptimization|x64
		{9AF0A8C8-7184-4445-A2AD-88BA65926D10}.NotOptimization|x86.ActiveCfg = NotOptimization|Win32
		{9AF0A8C8-7184-4445-A2AD-88BA65926D10}.NotOptimization|x86.Build.0 = NotOptimization|Win32
		{9AF0A8C8-7184-4445-A2AD-88BA65926D10}.Release|x64.ActiveCfg = Release|x64
		{9AF0A8C8-7184-4445-A2AD-88BA65926D10}.Release|x64.Build.0 = Release|x64
		{9AF0A8C8-7184-4445-A2AD-88BA65926D10}.Release|x86.ActiveCfg = Release|Win32
		{9AF0A8C8-7184-4445-A2AD-88BA65926D10}.Release|x86.Build.0 = Release|Win32
		{AAA73204-2C8B-41B1-BCCE-5DC8868BBE88}.Debug|x64.ActiveCfg = Debug|x64
		{AAA73204-2C8B-41B1-BCCE-5DC8868BBE88}.Debug|x64.Build.0 = Debug|x64
		{AAA73204-2C8B-41B1-BCCE-5DC8868BBE88}.Debug|x86.ActiveCfg = Debug|Win32
		{AAA73204-2C8B-41B1-BCCE-5DC8868BBE88}.Debug|x86.Build.0 = Debug|Win32
		{AAA73204-2C8B-41B1-BCCE-5DC8868BBE88}.debugmaybe|x64.ActiveCfg = Debug|x64
		{AAA73204-2C8B-41B1-BCCE-5DC8868BBE88}.debugmaybe|x64.Build.0 = Debug|x64
		{AAA73204-2C8B-41B1-BCCE-5DC8868BBE88}.debugmaybe|x86.ActiveCfg = Debug|Win32
		{AAA73204-2C8B-41B1-BCCE-5DC8868BBE88}.debugmaybe|x86.Build.0 = Debug|Win32
		{AAA73204-2C8B-41B1-BCCE-5DC8868BBE88}.NotOptimization|x64.ActiveCfg = Release|x64
		{AAA73204-2C8B-41B1-BCCE-5DC8868BBE88}.NotOptimization|x64.Build.0 = Release|x64
		{AAA73204-2C8B-41B1-BCCE-5DC8868BBE88}.NotOptimization|x86.ActiveCfg = Release|Win32
		{AAA73204-2C8B-41B1-BCCE-5DC8868BBE88}.NotOptimization|x86.Build.0 = Release|Win32
		{AAA73204-2C8B-41B1-BCCE-5DC8868BBE88}.Release|x64.ActiveCfg = Release|x64
		{AAA73204-2C8B-41B1-BCCE-5DC8868BBE88}.Release|x64.Build.0 = Release|x64
		{AAA73204-2C8B-41B1-BCCE-5DC8868BBE88}.Release|x86.ActiveCfg = Release|Win32
		{AAA73204-2C8B-41B1-BCCE-5DC8868BBE88}.Release|x86.Build.0 = Release|Win32
		{7F5A4EED-2558-409F-9611-A593D1B450EC}.Debug|x64.ActiveCfg = Debug|x64
		{7F5A4EED-2558-409F-9611-A593D1B450EC}.Debug|x64.Build.0 = Debug|x64
		{7F5A4EED-2558-409F-9611-A593D1B450EC}.Debug|x86.ActiveCfg = Debug|Win32
		{7F5A4EED-2558-409F-9611-A593D1B450EC}.Debug|x86.Build.0 = Debug|Win32
		{7F5A4EED-2558-409F-9611-A593D1B450EC}.debugmaybe|x64.ActiveCfg = Debug|x64
		{7F5A4EED-2558-409F-9611-A593D1B450EC}.debugmaybe|x64.Build.0 = Debug|x64
		{7F5A4EED-2558-409F-9611-A593D1B450EC}.debugmaybe|x86.ActiveCfg = Debug|Win32
		{7F5A4EED-2558-409F-9611-A593D1B450EC}.debugmaybe|x86.Build.0 = Debug|Win32
		{7F5A4EED-2558-409F-9611-A593D1B450EC}.NotOptimization|x64.ActiveCfg = Release|x64
		{7F5A4EED-2558-409F-9611-A593D1B450EC}.NotOptimization|x64.Build.0 = Release|x64
		{7F5A4EED-2558-409F-9611-A593D1B450EC}.NotOptimization|x86.ActiveCfg = Release|Win32
		{7F5A4EED-2558-409F-9611-A593D1B450EC}.NotOptimization|x86.Build.0 = Release|Win32
		{7F5A4EED-2558-409F-9611-A593D1B450EC}.Release|x64.ActiveCfg = Release|x64
		{7F5A4EED-2558-409F-9611-A593D1B450EC}.Release|x64.Build.0 = Release|x64
		{7F5A4EED-2558-409F-9611-A593D1B450EC}.Release|x86.ActiveCfg = Release|Win32
		{7F5A4EED-2558-409F-9611-A593D1B450EC}.Release|x86.Build.0 = Release|Win32
		{6F15DFAB-0467-4490-8EFB-35EE2EB88CB6}.Debug|x64.ActiveCfg = Debug|x64
		{6F15DFAB-0467-4490-8EFB-35EE2EB88CB6}.Debug|x64.Build.0 = Debug|x64
		{6F15DFAB-0467-4490-8EFB-35EE2EB88CB6}.Debug|x86.ActiveCfg = Debug|Win32
		{6F15DFAB-0467-4490-8EFB-35EE2EB88CB6}.Debug|x86.Build.0 = Debug|Win32
		{6F15DFAB-0467-4490-8EFB-35EE2EB88CB6}.debugmaybe|x64.ActiveCfg = Debug|x64
		{6F15DFAB-0467-4490-8EFB-35EE2EB88CB6}.debugmaybe|x64.Build.0 = Debug|x64
		{6F15DFAB-0467-4490-8EFB-35EE2EB88CB6}.debugmaybe|x86.ActiveCfg = Debug|Win32
		{6F15DFAB-0467-4490-8EFB-35EE2EB88CB6}.debugmaybe|x86.Build.0 = Debug|Win32
		{6F15DFAB-0467-4490-8EFB-35EE2EB88CB6}.NotOptimization|x64.ActiveCfg = Release|x64
		{6F15DFAB-0467-4490-8EFB-35EE2EB88CB6}.NotOptimization|x64.Build.0 = Release|x64
		{6F15DFAB-0467-4490-8EFB-35EE2EB88CB6}.NotOptimization|x86.ActiveCfg = Release|Win32
		{6F15DFAB-0467-4490-8EFB-35EE2EB88CB6}.NotOptimization|x86.Build.0 = Release|Win32
		{6F15DFAB-0467-4490-8EFB-35EE2EB88CB6}.Release|x64.ActiveCfg = Release|x64
		{6F15DFAB-0467-4490-8EFB-35EE2EB88CB6}.Release|x64.Build.0 = Release|x64
		{6F15DFAB-0467-4490-8EFB-35EE2EB88CB6}.Release|x86.ActiveCfg = Release|Win32
		{6F15DFAB-0467-4490-8EFB-35EE2EB88CB6}.Release|x86.Build.0 = Release|Win32
		{74374834-F082-4782-B1D3-736F83257CA3}.Debug|x64.ActiveCfg = Debug|x64
		{74374834-F082-4782-B1D3-736F83257CA3}.Debug|x64.Build.0 = Debug|x64
		{74374834-F082-4782-B1D3-736F83257CA3}.Debug|x86.ActiveCfg = Debug|Win32
		{74374834-F082-4782-B1D3-736F83257CA3}.Debug|x86.Build.0 = Debug|Win32
		{74374834-F082-4782-B1D3-736F83257CA3}.debugmaybe|x64.ActiveCfg = Debug|x64
		{74374834-F082-4782-B1D3-736F83257CA3}.debugmaybe|x64.Build.0 = Debug|x64
		{74374834-F082-4782-B1D3-736F83257CA3}.debugmaybe|x86.ActiveCfg = Debug|Win32
		{74374834-F082-4782-B1D3-736F83257CA3}.debugmaybe|x86.Build.0 = Debug|Win32
		{74374834-F082-4782-B1D3-736F83257CA3}.NotOptimization|x64.ActiveCfg = Release|x64
		{74374834-F082-4782-B1D3-736F83257CA3}.NotOptimization|x64.Build.0 = Release|x64
		{74374834-F082-4782-B1D3-736F83257CA3}.NotOptimization|x86.ActiveCfg = Release|Win32
		{74374834-F082-4782-B1D3-736F83257CA3}.NotOptimization|x86.Build.0 = Release|Win32
		{74374834-F082-4782-B1D3-736F83257CA3}.Release|x64.ActiveCfg = Release|x64
		{74374834-F082-4782-B1D3-736F83257CA3}.Release|x64.Build.0 = Release|x64
		{74374834-F082-4782-B1D3-736F83257CA3}.Release|x86.ActiveCfg = Release|Win32
		{74374834-F082-4782-B1D3-736F83257CA3}.Release|x86.Build.0 = Release|Win32
		{588A34FB-5137-4A09-B272-439764A4C5A8}.Debug|x64.ActiveCfg = Debug|x64
		{588A34FB-5137-4A09-B272-439764A4C5A8}.Debug|x64.Build.0 = Debug|x64
		{588A34FB-5137-4A09-B272-439764A4C5A8}.Debug|x86.ActiveCfg = Debug|Win32
		{588A34FB-5137-4A09-B272-439764A4C5A8}.Debug|x86.Build.0 = Debug|Win32
		{588A34FB-5137-4A09-B272-439764A4C5A8}.debugmaybe|x64.ActiveCfg = Debug|x64
		{588A34FB-5137-4A09-B272-439764A4C5A8}.debugmaybe|x64.Build.0 = Debug|x64
		{588A34FB-5137-4A09-B272-439764A4C5A8}.debugmaybe|x86.ActiveCfg = Debug|Win32
		{588A34FB-5137-4A09-B272-439764A4C5A8}.debugmaybe|x86.Build.0 = Debug|Win32
		{588A34FB-5137-4A09-B272-439764A4C5A8}.NotOptimization|x64.ActiveCfg = Release|x64
		{588A34FB-5137-4A09-B272-439764A4C5A8}.NotOptimization|x64.Build.0 = Release|x64
		{588A34FB-5137-4A09-B272-439764A4C5A8}.NotOptimization|x86.ActiveCfg = Release|Win32
		{588A34FB-5137-4A09-B272-439764A4C5A8}.NotOptimization|x86.Build.0 = Release|Win32
		{588A34FB-5137-4A09-B272-439764A4C5A8}.Release|x64.ActiveCfg = Release|x64
		{588A34FB-5137-4A09-B272-439764A4C5A8}.Release|x64.Build.0 = Release|x64
		{588A34FB-5137-4A09-B272-439764A4C5A8}.Release|x86.ActiveCfg = Release|Win32
		{588A34FB-5137-4A09-B272-439764A4C5A8}.Release|x86.Build.0 = Release|Win32
		{2D6DE645-7444-4DA9-A782-6C22C7579B6D}.Debug|x64.ActiveCfg = Debug|x64
		{2D6DE645-7444-4DA9-A782-6C22C7579B6D}.Debug|x64.Build.0 = Debug|x64
		{2D6DE645-7444-4DA9-A782-6C22C7579B6D}.Debug|x86.ActiveCfg = Debug|Win32
		{2D6DE645-7444-4DA9-A782-6C22C7579B6D}.Debug|x86.Build.0 = Debug|Win32
		{2D6DE645-7444-4DA9-A782-6C22C7579B6D}.debugmaybe|x64.ActiveCfg = Debug|x64
		{2D6DE645-7444-4DA9-A782-6C22C7579B6D}.debugmaybe|x64.Build.0 = Debug|x64
		{2D6DE645-7444-4DA9-A782-6C22C7579B6D}.debugmaybe|x86.ActiveCfg = Debug|Win32
		{2D6DE645-7444-4DA9-A782-6C22C7579B6D}.debugmaybe|x86.Build.0 = Debug|Win32
		{2D6DE645-7444-4DA9-A782-6C22C7579B6D}.NotOptimization|x64.ActiveCfg = Release|x64
		{2D6DE645-7444-4DA9-A782-6C22C7579B6D}.NotOptimization|x64.Build.0 = Release|x64
		{2D6DE645-7444-4DA9-A782-6C22C7579B6D}.NotOptimization|x86.ActiveCfg = Release|Win32
		{2D6DE645-7444-4DA9-A782-6C22C7579B6D}.NotOptimization|x86.Build.0 = Release|Win32
		{2D6DE645-7444-4DA9-A782-6C22C7579B6D}.Release|x64.ActiveCfg = Release|x64
		{2D6DE645-7444-4DA9-A782-6C22C7579B6D}.Release|x64.Build.0 = Release|x64
		{2D6DE645-7444-4DA9-A782-6C22C7579B6D}.Release|x86.ActiveCfg = Release|Win32
		{2D6DE645-7444-4DA9-A782-6C22C7579B6D}.Release|x86.Build.0 = Release|Win32
		{EB4FF021-B17B-4CD1-8B6F-A8D4A1603B1A}.Debug|x64.ActiveCfg = Debug|x64
		{EB4FF021-B17B-4CD1-8B6F-A8D4A1603B1A}.Debug|x64.Build.0 = Debug|x64
		{EB4FF021-B17B-4CD1-8B6F-A8D4A1603B1A}.Debug|x86.ActiveCfg = Debug|Win32
		{EB4FF021-B17B-4CD1-8B6F-A8D4A1603B1A}.Debug|x86.Build.0 = Debug|Win32
		{EB4FF021-B17B-4CD1-8B6F-A8D4A1603B1A}.debugmaybe|x64.ActiveCfg = Debug|x64
		{EB4FF021-B17B-4CD1-8B6F-A8D4A1603B1A}.debugmaybe|x64.Build.0 = Debug|x64
		{EB4FF021-B17B-4CD1-8B6F-A8D4A1603B1A}.debugmaybe|x86.ActiveCfg = Debug|Win32
		{EB4FF021-B17B-4CD1-8B6F-A8D4A1603B1A}.debugmaybe|x86.Build.0 = Debug|Win32
		{EB4FF021-B17B-4CD1-8B6F-A8D4A1603B1A}.NotOptimization|x64.ActiveCfg = Release|x64
		{EB4FF021-B17B-4CD1-8B6F-A8D4A1603B1A}.NotOptimization|x64.Build.0 = Release|x64
		{EB4FF021-B17B-4CD1-8B6F-A8D4A1603B1A}.NotOptimization|x86.ActiveCfg = Release|Win32
		{EB4FF021-B17B-4CD1-8B6F-A8D4A1603B1A}.NotOptimization|x86.Build.0 = Release|Win32
		{EB4FF021-B17B-4CD1-8B6F-A8D4A1603B1A}.Release|x64.ActiveCfg = Release|x64
		{EB4FF021-B17B-4CD1-8B6F-A8D4A1603B1A}.Release|x64.Build.0 = Release|x64
		{EB4FF021-B17B-4CD1-8B6F-A8D4A1603B1A}.Release|x86.ActiveCfg = Release|Win32
		{EB4FF021-B17B-4CD1-8B6F-A8D4A1603B1A}.Release|x86.Build.0 = Release|Win32
		{4ECCDD62-C148-4BE9-98A9-61965A99D0E8}.Debug|x64.ActiveCfg = Debug|x64
		{4ECCDD62-C148-4BE9-98A9-61965A99D0E8}.Debug|x64.Build.0 = Debug|x64
		{4ECCDD62-C148-4BE9-98A9-61965A99D0E8}.Debug|x86.ActiveCfg = Debug|Win32
		{4ECCDD62-C148-4BE9-98A9-61965A99D0E8}.Debug|x86.Build.0 = Debug|Win32
		{4ECCDD62-C148-4BE9-98A9-61965A99D0E8}.debugmaybe|x64.ActiveCfg = Debug|x64
		{4ECCDD62-C148-4BE9-98A9-61965A99D0E8}.debugmaybe|x64.Build.0 = Debug|x64
		{4ECCDD62-C148-4BE9-98A9-61965A99D0E8}.debugmaybe|x86.ActiveCfg = Debug|Win32
		{4ECCDD62-C148-4BE9-98A9-61965A99D0E8}.debugmaybe|x86.Build.0 = Debug|Win32
		{4ECCDD62-C148-4BE9-98A9-61965A99D0E8}.NotOptimization|x64.ActiveCfg = Release|x64
		{4ECCDD62-C148-4BE9-98A9-61965A99D0E8}.NotOptimization|x64.Build.0 = Release|x64
		{4ECCDD62-C148-4BE9-98A9-61965A99D0E8}.NotOptimization|x86.ActiveCfg = Release|Win32
		{4ECCDD62-C148-4BE9-98A9-61965A99D0E8}.NotOptimization|x86.Build.0 = Release|Win32
		{4ECCDD62-C148-4BE9-98A9-61965A99D0E8}.Release|x64.ActiveCfg = Release|x64
		{4ECCDD62-C148-4BE9-98A9-61965A99D0E8}.Release|x64.Build.0 = Release|x64
		{4ECCDD62-C148-4BE9-98A9-61965A99D0E8}.Release|x86.ActiveCfg = Release|Win32
		{4ECCDD62-C148-4BE9-98A9-61965A99D0E8}.Release|x86.Build.0 = Release|Win32
	EndGlobalSection
	GlobalSection(SolutionProperties) = preSolution
		HideSolutionNode = FALSE
	EndGlobalSection
	GlobalSection(Performance) = preSolution
		HasPerformanceSessions = true
	EndGlobalSection
EndGlobal
